// !$*UTF8*$!
{
	archiveVersion = 1;
	classes = {
	};
	objectVersion = 46;
	objects = {

/* Begin PBXBuildFile section */
		446C4B6E1E608367002D00E9 /* Assets.xcassets in Resources */ = {isa = PBXBuildFile; fileRef = 446C4B6D1E608367002D00E9 /* Assets.xcassets */; };
		446C4B7A1E608396002D00E9 /* MyUIColor.swift in Sources */ = {isa = PBXBuildFile; fileRef = 446C4B791E608396002D00E9 /* MyUIColor.swift */; };
		446C4B7E1E6083B8002D00E9 /* BaseBrush.swift in Sources */ = {isa = PBXBuildFile; fileRef = 446C4B7C1E6083B8002D00E9 /* BaseBrush.swift */; };
		446C4B7F1E6083B8002D00E9 /* Board.swift in Sources */ = {isa = PBXBuildFile; fileRef = 446C4B7D1E6083B8002D00E9 /* Board.swift */; };
		446C4B871E6083CB002D00E9 /* DashLineBrush.swift in Sources */ = {isa = PBXBuildFile; fileRef = 446C4B811E6083CB002D00E9 /* DashLineBrush.swift */; };
		446C4B881E6083CB002D00E9 /* EllipseBrush.swift in Sources */ = {isa = PBXBuildFile; fileRef = 446C4B821E6083CB002D00E9 /* EllipseBrush.swift */; };
		446C4B891E6083CB002D00E9 /* EraserBrush.swift in Sources */ = {isa = PBXBuildFile; fileRef = 446C4B831E6083CB002D00E9 /* EraserBrush.swift */; };
		446C4B8A1E6083CB002D00E9 /* LineBrush.swift in Sources */ = {isa = PBXBuildFile; fileRef = 446C4B841E6083CB002D00E9 /* LineBrush.swift */; };
		446C4B8B1E6083CB002D00E9 /* PencilBrush.swift in Sources */ = {isa = PBXBuildFile; fileRef = 446C4B851E6083CB002D00E9 /* PencilBrush.swift */; };
		446C4B8C1E6083CB002D00E9 /* RectangleBrush.swift in Sources */ = {isa = PBXBuildFile; fileRef = 446C4B861E6083CB002D00E9 /* RectangleBrush.swift */; };
		446C4B901E6083E8002D00E9 /* PaintingBrushSettingsView.swift in Sources */ = {isa = PBXBuildFile; fileRef = 446C4B8E1E6083E8002D00E9 /* PaintingBrushSettingsView.swift */; };
		446C4B911E6083E8002D00E9 /* PaintingBrushSettingsView.xib in Resources */ = {isa = PBXBuildFile; fileRef = 446C4B8F1E6083E8002D00E9 /* PaintingBrushSettingsView.xib */; };
		446C4B951E608405002D00E9 /* BackgroundSettingsVC.swift in Sources */ = {isa = PBXBuildFile; fileRef = 446C4B931E608405002D00E9 /* BackgroundSettingsVC.swift */; };
		446C4B961E608405002D00E9 /* BackgroundSettingsVC.xib in Resources */ = {isa = PBXBuildFile; fileRef = 446C4B941E608405002D00E9 /* BackgroundSettingsVC.xib */; };
		446C4B9C1E608439002D00E9 /* AppDelegate.swift in Sources */ = {isa = PBXBuildFile; fileRef = 446C4B971E608439002D00E9 /* AppDelegate.swift */; };
		446C4B9D1E608439002D00E9 /* LaunchScreen.xib in Resources */ = {isa = PBXBuildFile; fileRef = 446C4B981E608439002D00E9 /* LaunchScreen.xib */; };
		446C4B9E1E608439002D00E9 /* Main.storyboard in Resources */ = {isa = PBXBuildFile; fileRef = 446C4B991E608439002D00E9 /* Main.storyboard */; };
		446C4B9F1E608439002D00E9 /* RGBColorPicker.swift in Sources */ = {isa = PBXBuildFile; fileRef = 446C4B9A1E608439002D00E9 /* RGBColorPicker.swift */; };
		446C4BA01E608439002D00E9 /* ViewController.swift in Sources */ = {isa = PBXBuildFile; fileRef = 446C4B9B1E608439002D00E9 /* ViewController.swift */; };
/* End PBXBuildFile section */

/* Begin PBXFileReference section */
		446C4B631E608367002D00E9 /* PhenoPad.app */ = {isa = PBXFileReference; explicitFileType = wrapper.application; includeInIndex = 0; path = PhenoPad.app; sourceTree = BUILT_PRODUCTS_DIR; };
		446C4B6D1E608367002D00E9 /* Assets.xcassets */ = {isa = PBXFileReference; lastKnownFileType = folder.assetcatalog; path = Assets.xcassets; sourceTree = "<group>"; };
		446C4B721E608367002D00E9 /* Info.plist */ = {isa = PBXFileReference; lastKnownFileType = text.plist.xml; path = Info.plist; sourceTree = "<group>"; };
		446C4B791E608396002D00E9 /* MyUIColor.swift */ = {isa = PBXFileReference; fileEncoding = 4; lastKnownFileType = sourcecode.swift; path = MyUIColor.swift; sourceTree = "<group>"; };
		446C4B7C1E6083B8002D00E9 /* BaseBrush.swift */ = {isa = PBXFileReference; fileEncoding = 4; lastKnownFileType = sourcecode.swift; path = BaseBrush.swift; sourceTree = "<group>"; };
		446C4B7D1E6083B8002D00E9 /* Board.swift */ = {isa = PBXFileReference; fileEncoding = 4; lastKnownFileType = sourcecode.swift; path = Board.swift; sourceTree = "<group>"; };
		446C4B811E6083CB002D00E9 /* DashLineBrush.swift */ = {isa = PBXFileReference; fileEncoding = 4; lastKnownFileType = sourcecode.swift; path = DashLineBrush.swift; sourceTree = "<group>"; };
		446C4B821E6083CB002D00E9 /* EllipseBrush.swift */ = {isa = PBXFileReference; fileEncoding = 4; lastKnownFileType = sourcecode.swift; path = EllipseBrush.swift; sourceTree = "<group>"; };
		446C4B831E6083CB002D00E9 /* EraserBrush.swift */ = {isa = PBXFileReference; fileEncoding = 4; lastKnownFileType = sourcecode.swift; path = EraserBrush.swift; sourceTree = "<group>"; };
		446C4B841E6083CB002D00E9 /* LineBrush.swift */ = {isa = PBXFileReference; fileEncoding = 4; lastKnownFileType = sourcecode.swift; path = LineBrush.swift; sourceTree = "<group>"; };
		446C4B851E6083CB002D00E9 /* PencilBrush.swift */ = {isa = PBXFileReference; fileEncoding = 4; lastKnownFileType = sourcecode.swift; path = PencilBrush.swift; sourceTree = "<group>"; };
		446C4B861E6083CB002D00E9 /* RectangleBrush.swift */ = {isa = PBXFileReference; fileEncoding = 4; lastKnownFileType = sourcecode.swift; path = RectangleBrush.swift; sourceTree = "<group>"; };
		446C4B8E1E6083E8002D00E9 /* PaintingBrushSettingsView.swift */ = {isa = PBXFileReference; fileEncoding = 4; lastKnownFileType = sourcecode.swift; path = PaintingBrushSettingsView.swift; sourceTree = "<group>"; };
		446C4B8F1E6083E8002D00E9 /* PaintingBrushSettingsView.xib */ = {isa = PBXFileReference; fileEncoding = 4; lastKnownFileType = file.xib; path = PaintingBrushSettingsView.xib; sourceTree = "<group>"; };
		446C4B931E608405002D00E9 /* BackgroundSettingsVC.swift */ = {isa = PBXFileReference; fileEncoding = 4; lastKnownFileType = sourcecode.swift; path = BackgroundSettingsVC.swift; sourceTree = "<group>"; };
		446C4B941E608405002D00E9 /* BackgroundSettingsVC.xib */ = {isa = PBXFileReference; fileEncoding = 4; lastKnownFileType = file.xib; path = BackgroundSettingsVC.xib; sourceTree = "<group>"; };
		446C4B971E608439002D00E9 /* AppDelegate.swift */ = {isa = PBXFileReference; fileEncoding = 4; lastKnownFileType = sourcecode.swift; path = AppDelegate.swift; sourceTree = "<group>"; };
		446C4B981E608439002D00E9 /* LaunchScreen.xib */ = {isa = PBXFileReference; fileEncoding = 4; lastKnownFileType = file.xib; path = LaunchScreen.xib; sourceTree = "<group>"; };
		446C4B991E608439002D00E9 /* Main.storyboard */ = {isa = PBXFileReference; fileEncoding = 4; lastKnownFileType = file.storyboard; path = Main.storyboard; sourceTree = "<group>"; };
		446C4B9A1E608439002D00E9 /* RGBColorPicker.swift */ = {isa = PBXFileReference; fileEncoding = 4; lastKnownFileType = sourcecode.swift; path = RGBColorPicker.swift; sourceTree = "<group>"; };
		446C4B9B1E608439002D00E9 /* ViewController.swift */ = {isa = PBXFileReference; fileEncoding = 4; lastKnownFileType = sourcecode.swift; path = ViewController.swift; sourceTree = "<group>"; };
/* End PBXFileReference section */

/* Begin PBXFrameworksBuildPhase section */
		446C4B601E608367002D00E9 /* Frameworks */ = {
			isa = PBXFrameworksBuildPhase;
			buildActionMask = 2147483647;
			files = (
			);
			runOnlyForDeploymentPostprocessing = 0;
		};
/* End PBXFrameworksBuildPhase section */

/* Begin PBXGroup section */
		446C4B5A1E608367002D00E9 = {
			isa = PBXGroup;
			children = (
				446C4B651E608367002D00E9 /* PhenoPad */,
				446C4B641E608367002D00E9 /* Products */,
			);
			sourceTree = "<group>";
		};
		446C4B641E608367002D00E9 /* Products */ = {
			isa = PBXGroup;
			children = (
				446C4B631E608367002D00E9 /* PhenoPad.app */,
			);
			name = Products;
			sourceTree = "<group>";
		};
		446C4B651E608367002D00E9 /* PhenoPad */ = {
			isa = PBXGroup;
			children = (
				446C4B921E6083EF002D00E9 /* BackgroundSettingsView */,
				446C4B7B1E6083A8002D00E9 /* Base */,
				446C4B801E6083BC002D00E9 /* Brushes */,
				446C4B8D1E6083CF002D00E9 /* PaintingBrushSettingsView */,
				446C4BA21E608469002D00E9 /* Supporting Files */,
				446C4B781E608380002D00E9 /* tools */,
				446C4B971E608439002D00E9 /* AppDelegate.swift */,
				446C4B6D1E608367002D00E9 /* Assets.xcassets */,
				446C4B981E608439002D00E9 /* LaunchScreen.xib */,
				446C4B991E608439002D00E9 /* Main.storyboard */,
				446C4B9A1E608439002D00E9 /* RGBColorPicker.swift */,
				446C4B9B1E608439002D00E9 /* ViewController.swift */,
			);
			path = PhenoPad;
			sourceTree = "<group>";
		};
		446C4B781E608380002D00E9 /* tools */ = {
			isa = PBXGroup;
			children = (
				446C4B791E608396002D00E9 /* MyUIColor.swift */,
			);
			name = tools;
			path = tools;
			sourceTree = "<group>";
		};
		446C4B7B1E6083A8002D00E9 /* Base */ = {
			isa = PBXGroup;
			children = (
				446C4B7C1E6083B8002D00E9 /* BaseBrush.swift */,
				446C4B7D1E6083B8002D00E9 /* Board.swift */,
			);
			name = Base;
			path = Base;
			sourceTree = "<group>";
		};
		446C4B801E6083BC002D00E9 /* Brushes */ = {
			isa = PBXGroup;
			children = (
				446C4B811E6083CB002D00E9 /* DashLineBrush.swift */,
				446C4B821E6083CB002D00E9 /* EllipseBrush.swift */,
				446C4B831E6083CB002D00E9 /* EraserBrush.swift */,
				446C4B841E6083CB002D00E9 /* LineBrush.swift */,
				446C4B851E6083CB002D00E9 /* PencilBrush.swift */,
				446C4B861E6083CB002D00E9 /* RectangleBrush.swift */,
			);
			name = Brushes;
			path = Brushes;
			sourceTree = "<group>";
		};
		446C4B8D1E6083CF002D00E9 /* PaintingBrushSettingsView */ = {
			isa = PBXGroup;
			children = (
				446C4B8E1E6083E8002D00E9 /* PaintingBrushSettingsView.swift */,
				446C4B8F1E6083E8002D00E9 /* PaintingBrushSettingsView.xib */,
			);
			name = PaintingBrushSettingsView;
			path = PaintingBrushSettingsView;
			sourceTree = "<group>";
		};
		446C4B921E6083EF002D00E9 /* BackgroundSettingsView */ = {
			isa = PBXGroup;
			children = (
				446C4B931E608405002D00E9 /* BackgroundSettingsVC.swift */,
				446C4B941E608405002D00E9 /* BackgroundSettingsVC.xib */,
			);
			name = BackgroundSettingsView;
			path = BackgroundSettingsView;
			sourceTree = "<group>";
		};
		446C4BA21E608469002D00E9 /* Supporting Files */ = {
			isa = PBXGroup;
			children = (
				446C4B721E608367002D00E9 /* Info.plist */,
			);
			name = "Supporting Files";
			path = "Supporting Files";
			sourceTree = "<group>";
		};
/* End PBXGroup section */

/* Begin PBXNativeTarget section */
		446C4B621E608367002D00E9 /* PhenoPad */ = {
			isa = PBXNativeTarget;
			buildConfigurationList = 446C4B751E608367002D00E9 /* Build configuration list for PBXNativeTarget "PhenoPad" */;
			buildPhases = (
				446C4B5F1E608367002D00E9 /* Sources */,
				446C4B601E608367002D00E9 /* Frameworks */,
				446C4B611E608367002D00E9 /* Resources */,
			);
			buildRules = (
			);
			dependencies = (
			);
			name = PhenoPad;
			productName = PhenoPad;
			productReference = 446C4B631E608367002D00E9 /* PhenoPad.app */;
			productType = "com.apple.product-type.application";
		};
/* End PBXNativeTarget section */

/* Begin PBXProject section */
		446C4B5B1E608367002D00E9 /* Project object */ = {
			isa = PBXProject;
			attributes = {
				LastSwiftUpdateCheck = 0810;
				LastUpgradeCheck = 0810;
				ORGANIZATIONNAME = CCM;
				TargetAttributes = {
					446C4B621E608367002D00E9 = {
						CreatedOnToolsVersion = 8.1;
						DevelopmentTeam = B7C3M4F3XY;
						LastSwiftMigration = 0810;
						ProvisioningStyle = Automatic;
					};
				};
			};
			buildConfigurationList = 446C4B5E1E608367002D00E9 /* Build configuration list for PBXProject "PhenoPad" */;
			compatibilityVersion = "Xcode 3.2";
			developmentRegion = English;
			hasScannedForEncodings = 0;
			knownRegions = (
				en,
				Base,
			);
			mainGroup = 446C4B5A1E608367002D00E9;
			productRefGroup = 446C4B641E608367002D00E9 /* Products */;
			projectDirPath = "";
			projectRoot = "";
			targets = (
				446C4B621E608367002D00E9 /* PhenoPad */,
			);
		};
/* End PBXProject section */

/* Begin PBXResourcesBuildPhase section */
		446C4B611E608367002D00E9 /* Resources */ = {
			isa = PBXResourcesBuildPhase;
			buildActionMask = 2147483647;
			files = (
				446C4B9D1E608439002D00E9 /* LaunchScreen.xib in Resources */,
				446C4B911E6083E8002D00E9 /* PaintingBrushSettingsView.xib in Resources */,
				446C4B9E1E608439002D00E9 /* Main.storyboard in Resources */,
				446C4B6E1E608367002D00E9 /* Assets.xcassets in Resources */,
				446C4B961E608405002D00E9 /* BackgroundSettingsVC.xib in Resources */,
			);
			runOnlyForDeploymentPostprocessing = 0;
		};
/* End PBXResourcesBuildPhase section */

/* Begin PBXSourcesBuildPhase section */
		446C4B5F1E608367002D00E9 /* Sources */ = {
			isa = PBXSourcesBuildPhase;
			buildActionMask = 2147483647;
			files = (
				446C4B9C1E608439002D00E9 /* AppDelegate.swift in Sources */,
				446C4B7A1E608396002D00E9 /* MyUIColor.swift in Sources */,
				446C4B8C1E6083CB002D00E9 /* RectangleBrush.swift in Sources */,
				446C4B901E6083E8002D00E9 /* PaintingBrushSettingsView.swift in Sources */,
				446C4BA01E608439002D00E9 /* ViewController.swift in Sources */,
				446C4B7E1E6083B8002D00E9 /* BaseBrush.swift in Sources */,
				446C4B891E6083CB002D00E9 /* EraserBrush.swift in Sources */,
				446C4B8B1E6083CB002D00E9 /* PencilBrush.swift in Sources */,
				446C4B881E6083CB002D00E9 /* EllipseBrush.swift in Sources */,
				446C4B871E6083CB002D00E9 /* DashLineBrush.swift in Sources */,
				446C4B9F1E608439002D00E9 /* RGBColorPicker.swift in Sources */,
				446C4B951E608405002D00E9 /* BackgroundSettingsVC.swift in Sources */,
				446C4B8A1E6083CB002D00E9 /* LineBrush.swift in Sources */,
				446C4B7F1E6083B8002D00E9 /* Board.swift in Sources */,
			);
			runOnlyForDeploymentPostprocessing = 0;
		};
/* End PBXSourcesBuildPhase section */

/* Begin XCBuildConfiguration section */
		446C4B731E608367002D00E9 /* Debug */ = {
			isa = XCBuildConfiguration;
			buildSettings = {
				ALWAYS_SEARCH_USER_PATHS = NO;
				CLANG_ANALYZER_NONNULL = YES;
				CLANG_CXX_LANGUAGE_STANDARD = "gnu++0x";
				CLANG_CXX_LIBRARY = "libc++";
				CLANG_ENABLE_MODULES = YES;
				CLANG_ENABLE_OBJC_ARC = YES;
				CLANG_WARN_BOOL_CONVERSION = YES;
				CLANG_WARN_CONSTANT_CONVERSION = YES;
				CLANG_WARN_DIRECT_OBJC_ISA_USAGE = YES_ERROR;
				CLANG_WARN_DOCUMENTATION_COMMENTS = YES;
				CLANG_WARN_EMPTY_BODY = YES;
				CLANG_WARN_ENUM_CONVERSION = YES;
				CLANG_WARN_INFINITE_RECURSION = YES;
				CLANG_WARN_INT_CONVERSION = YES;
				CLANG_WARN_OBJC_ROOT_CLASS = YES_ERROR;
				CLANG_WARN_SUSPICIOUS_MOVES = YES;
				CLANG_WARN_UNREACHABLE_CODE = YES;
				CLANG_WARN__DUPLICATE_METHOD_MATCH = YES;
				"CODE_SIGN_IDENTITY[sdk=iphoneos*]" = "iPhone Developer";
				COPY_PHASE_STRIP = NO;
				DEBUG_INFORMATION_FORMAT = dwarf;
				ENABLE_STRICT_OBJC_MSGSEND = YES;
				ENABLE_TESTABILITY = YES;
				GCC_C_LANGUAGE_STANDARD = gnu99;
				GCC_DYNAMIC_NO_PIC = NO;
				GCC_NO_COMMON_BLOCKS = YES;
				GCC_OPTIMIZATION_LEVEL = 0;
				GCC_PREPROCESSOR_DEFINITIONS = (
					"DEBUG=1",
					"$(inherited)",
				);
				GCC_WARN_64_TO_32_BIT_CONVERSION = YES;
				GCC_WARN_ABOUT_RETURN_TYPE = YES_ERROR;
				GCC_WARN_UNDECLARED_SELECTOR = YES;
				GCC_WARN_UNINITIALIZED_AUTOS = YES_AGGRESSIVE;
				GCC_WARN_UNUSED_FUNCTION = YES;
				GCC_WARN_UNUSED_VARIABLE = YES;
				IPHONEOS_DEPLOYMENT_TARGET = 10.1;
				MTL_ENABLE_DEBUG_INFO = YES;
				ONLY_ACTIVE_ARCH = YES;
				SDKROOT = iphoneos;
				SWIFT_ACTIVE_COMPILATION_CONDITIONS = DEBUG;
				SWIFT_OPTIMIZATION_LEVEL = "-Onone";
				TARGETED_DEVICE_FAMILY = 2;
			};
			name = Debug;
		};
		446C4B741E608367002D00E9 /* Release */ = {
			isa = XCBuildConfiguration;
			buildSettings = {
				ALWAYS_SEARCH_USER_PATHS = NO;
				CLANG_ANALYZER_NONNULL = YES;
				CLANG_CXX_LANGUAGE_STANDARD = "gnu++0x";
				CLANG_CXX_LIBRARY = "libc++";
				CLANG_ENABLE_MODULES = YES;
				CLANG_ENABLE_OBJC_ARC = YES;
				CLANG_WARN_BOOL_CONVERSION = YES;
				CLANG_WARN_CONSTANT_CONVERSION = YES;
				CLANG_WARN_DIRECT_OBJC_ISA_USAGE = YES_ERROR;
				CLANG_WARN_DOCUMENTATION_COMMENTS = YES;
				CLANG_WARN_EMPTY_BODY = YES;
				CLANG_WARN_ENUM_CONVERSION = YES;
				CLANG_WARN_INFINITE_RECURSION = YES;
				CLANG_WARN_INT_CONVERSION = YES;
				CLANG_WARN_OBJC_ROOT_CLASS = YES_ERROR;
				CLANG_WARN_SUSPICIOUS_MOVES = YES;
				CLANG_WARN_UNREACHABLE_CODE = YES;
				CLANG_WARN__DUPLICATE_METHOD_MATCH = YES;
				"CODE_SIGN_IDENTITY[sdk=iphoneos*]" = "iPhone Developer";
				COPY_PHASE_STRIP = NO;
				DEBUG_INFORMATION_FORMAT = "dwarf-with-dsym";
				ENABLE_NS_ASSERTIONS = NO;
				ENABLE_STRICT_OBJC_MSGSEND = YES;
				GCC_C_LANGUAGE_STANDARD = gnu99;
				GCC_NO_COMMON_BLOCKS = YES;
				GCC_WARN_64_TO_32_BIT_CONVERSION = YES;
				GCC_WARN_ABOUT_RETURN_TYPE = YES_ERROR;
				GCC_WARN_UNDECLARED_SELECTOR = YES;
				GCC_WARN_UNINITIALIZED_AUTOS = YES_AGGRESSIVE;
				GCC_WARN_UNUSED_FUNCTION = YES;
				GCC_WARN_UNUSED_VARIABLE = YES;
				IPHONEOS_DEPLOYMENT_TARGET = 10.1;
				MTL_ENABLE_DEBUG_INFO = NO;
				SDKROOT = iphoneos;
				SWIFT_OPTIMIZATION_LEVEL = "-Owholemodule";
				TARGETED_DEVICE_FAMILY = 2;
				VALIDATE_PRODUCT = YES;
			};
			name = Release;
		};
		446C4B761E608367002D00E9 /* Debug */ = {
			isa = XCBuildConfiguration;
			buildSettings = {
				ASSETCATALOG_COMPILER_APPICON_NAME = AppIcon;
				CLANG_ENABLE_MODULES = YES;
				DEVELOPMENT_TEAM = B7C3M4F3XY;
				INFOPLIST_FILE = "PhenoPad/Supporting Files/Info.plist";
				LD_RUNPATH_SEARCH_PATHS = "$(inherited) @executable_path/Frameworks";
				PRODUCT_BUNDLE_IDENTIFIER = com.ccm.PhenoPad;
				PRODUCT_NAME = "$(TARGET_NAME)";
				SWIFT_OPTIMIZATION_LEVEL = "-Onone";
				SWIFT_VERSION = 3.0;
			};
			name = Debug;
		};
		446C4B771E608367002D00E9 /* Release */ = {
			isa = XCBuildConfiguration;
			buildSettings = {
				ASSETCATALOG_COMPILER_APPICON_NAME = AppIcon;
				CLANG_ENABLE_MODULES = YES;
				DEVELOPMENT_TEAM = B7C3M4F3XY;
				INFOPLIST_FILE = "PhenoPad/Supporting Files/Info.plist";
				LD_RUNPATH_SEARCH_PATHS = "$(inherited) @executable_path/Frameworks";
				PRODUCT_BUNDLE_IDENTIFIER = com.ccm.PhenoPad;
				PRODUCT_NAME = "$(TARGET_NAME)";
				SWIFT_VERSION = 3.0;
			};
			name = Release;
		};
/* End XCBuildConfiguration section */

/* Begin XCConfigurationList section */
		446C4B5E1E608367002D00E9 /* Build configuration list for PBXProject "PhenoPad" */ = {
			isa = XCConfigurationList;
			buildConfigurations = (
				446C4B731E608367002D00E9 /* Debug */,
				446C4B741E608367002D00E9 /* Release */,
			);
			defaultConfigurationIsVisible = 0;
			defaultConfigurationName = Release;
		};
		446C4B751E608367002D00E9 /* Build configuration list for PBXNativeTarget "PhenoPad" */ = {
			isa = XCConfigurationList;
			buildConfigurations = (
				446C4B761E608367002D00E9 /* Debug */,
				446C4B771E608367002D00E9 /* Release */,
			);
			defaultConfigurationIsVisible = 0;
		};
/* End XCConfigurationList section */
	};
	rootObject = 446C4B5B1E608367002D00E9 /* Project object */;
}
